
Microsoft Visual Studio Solution File, Format Version 12.00
# Visual Studio Version 16
VisualStudioVersion = 16.0.809.8
MinimumVisualStudioVersion = 10.0.40219.1
Project("{FAE04EC0-301F-11D3-BF4B-00C04F79EFBC}") = "XFCalci.Android", "XFCalci.Android\XFCalci.Android.csproj", "{F56544CF-86EC-4C10-8CEA-D5E5E0BA900B}"
EndProject
Project("{FAE04EC0-301F-11D3-BF4B-00C04F79EFBC}") = "XFCalci.iOS", "XFCalci.iOS\XFCalci.iOS.csproj", "{57C9C0E5-1274-4FDC-849A-06A82F0E585A}"
EndProject
Project("{FAE04EC0-301F-11D3-BF4B-00C04F79EFBC}") = "XFCalci", "XFCalci\XFCalci.csproj", "{7AD4DBEA-CDF5-4AAB-9044-D38409EB6258}"
EndProject
Global
	GlobalSection(SolutionConfigurationPlatforms) = preSolution
		Debug|Any CPU = Debug|Any CPU
		Release|Any CPU = Release|Any CPU
		Debug|iPhoneSimulator = Debug|iPhoneSimulator
		Release|iPhoneSimulator = Release|iPhoneSimulator
		Debug|iPhone = Debug|iPhone
		Release|iPhone = Release|iPhone
	EndGlobalSection
	GlobalSection(ProjectConfigurationPlatforms) = postSolution
		{F56544CF-86EC-4C10-8CEA-D5E5E0BA900B}.Debug|Any CPU.ActiveCfg = Debug|Any CPU
		{F56544CF-86EC-4C10-8CEA-D5E5E0BA900B}.Debug|Any CPU.Build.0 = Debug|Any CPU
		{F56544CF-86EC-4C10-8CEA-D5E5E0BA900B}.Release|Any CPU.ActiveCfg = Release|Any CPU
		{F56544CF-86EC-4C10-8CEA-D5E5E0BA900B}.Release|Any CPU.Build.0 = Release|Any CPU
		{F56544CF-86EC-4C10-8CEA-D5E5E0BA900B}.Debug|iPhoneSimulator.ActiveCfg = Debug|Any CPU
		{F56544CF-86EC-4C10-8CEA-D5E5E0BA900B}.Debug|iPhoneSimulator.Build.0 = Debug|Any CPU
		{F56544CF-86EC-4C10-8CEA-D5E5E0BA900B}.Release|iPhoneSimulator.ActiveCfg = Release|Any CPU
		{F56544CF-86EC-4C10-8CEA-D5E5E0BA900B}.Release|iPhoneSimulator.Build.0 = Release|Any CPU
		{F56544CF-86EC-4C10-8CEA-D5E5E0BA900B}.Debug|iPhone.ActiveCfg = Debug|Any CPU
		{F56544CF-86EC-4C10-8CEA-D5E5E0BA900B}.Debug|iPhone.Build.0 = Debug|Any CPU
		{F56544CF-86EC-4C10-8CEA-D5E5E0BA900B}.Release|iPhone.ActiveCfg = Release|Any CPU
		{F56544CF-86EC-4C10-8CEA-D5E5E0BA900B}.Release|iPhone.Build.0 = Release|Any CPU
		{57C9C0E5-1274-4FDC-849A-06A82F0E585A}.Debug|Any CPU.ActiveCfg = Debug|iPhoneSimulator
		{57C9C0E5-1274-4FDC-849A-06A82F0E585A}.Debug|Any CPU.Build.0 = Debug|iPhoneSimulator
		{57C9C0E5-1274-4FDC-849A-06A82F0E585A}.Release|Any CPU.ActiveCfg = Release|iPhoneSimulator
		{57C9C0E5-1274-4FDC-849A-06A82F0E585A}.Release|Any CPU.Build.0 = Release|iPhoneSimulator
		{57C9C0E5-1274-4FDC-849A-06A82F0E585A}.Debug|iPhoneSimulator.ActiveCfg = Debug|iPhoneSimulator
		{57C9C0E5-1274-4FDC-849A-06A82F0E585A}.Debug|iPhoneSimulator.Build.0 = Debug|iPhoneSimulator
		{57C9C0E5-1274-4FDC-849A-06A82F0E585A}.Release|iPhoneSimulator.ActiveCfg = Release|iPhoneSimulator
		{57C9C0E5-1274-4FDC-849A-06A82F0E585A}.Release|iPhoneSimulator.Build.0 = Release|iPhoneSimulator
		{57C9C0E5-1274-4FDC-849A-06A82F0E585A}.Debug|iPhone.ActiveCfg = Debug|iPhone
		{57C9C0E5-1274-4FDC-849A-06A82F0E585A}.Debug|iPhone.Build.0 = Debug|iPhone
		{57C9C0E5-1274-4FDC-849A-06A82F0E585A}.Release|iPhone.ActiveCfg = Release|iPhone
		{57C9C0E5-1274-4FDC-849A-06A82F0E585A}.Release|iPhone.Build.0 = Release|iPhone
		{7AD4DBEA-CDF5-4AAB-9044-D38409EB6258}.Debug|Any CPU.ActiveCfg = Debug|Any CPU
		{7AD4DBEA-CDF5-4AAB-9044-D38409EB6258}.Debug|Any CPU.Build.0 = Debug|Any CPU
		{7AD4DBEA-CDF5-4AAB-9044-D38409EB6258}.Release|Any CPU.ActiveCfg = Release|Any CPU
		{7AD4DBEA-CDF5-4AAB-9044-D38409EB6258}.Release|Any CPU.Build.0 = Release|Any CPU
		{7AD4DBEA-CDF5-4AAB-9044-D38409EB6258}.Debug|iPhoneSimulator.ActiveCfg = Debug|Any CPU
		{7AD4DBEA-CDF5-4AAB-9044-D38409EB6258}.Debug|iPhoneSimulator.Build.0 = Debug|Any CPU
		{7AD4DBEA-CDF5-4AAB-9044-D38409EB6258}.Release|iPhoneSimulator.ActiveCfg = Release|Any CPU
		{7AD4DBEA-CDF5-4AAB-9044-D38409EB6258}.Release|iPhoneSimulator.Build.0 = Release|Any CPU
		{7AD4DBEA-CDF5-4AAB-9044-D38409EB6258}.Debug|iPhone.ActiveCfg = Debug|Any CPU
		{7AD4DBEA-CDF5-4AAB-9044-D38409EB6258}.Debug|iPhone.Build.0 = Debug|Any CPU
		{7AD4DBEA-CDF5-4AAB-9044-D38409EB6258}.Release|iPhone.ActiveCfg = Release|Any CPU
		{7AD4DBEA-CDF5-4AAB-9044-D38409EB6258}.Release|iPhone.Build.0 = Release|Any CPU
	EndGlobalSection
	GlobalSection(SolutionProperties) = preSolution
		HideSolutionNode = FALSE
	EndGlobalSection
	GlobalSection(ExtensibilityGlobals) = postSolution
		SolutionGuid = {91BC5FFD-91FA-4B93-AA91-0BA024EC5C5E}
	EndGlobalSection
EndGlobal
